
Microsoft Visual Studio Solution File, Format Version 12.00
# Visual Studio Version 16
VisualStudioVersion = 16.0.29905.134
MinimumVisualStudioVersion = 10.0.40219.1
Project("{9A19103F-16F7-4668-BE54-9A1E7A4F7556}") = "ProAgil.WebAPI", "ProAgil.WebAPI.csproj", "{3678EF2C-21D7-403D-9B4E-A1F38D6D47DF}"
EndProject
Global
	GlobalSection(SolutionConfigurationPlatforms) = preSolution
		Debug|Any CPU = Debug|Any CPU
		Release|Any CPU = Release|Any CPU
	EndGlobalSection
	GlobalSection(ProjectConfigurationPlatforms) = postSolution
		{3678EF2C-21D7-403D-9B4E-A1F38D6D47DF}.Debug|Any CPU.ActiveCfg = Debug|Any CPU
		{3678EF2C-21D7-403D-9B4E-A1F38D6D47DF}.Debug|Any CPU.Build.0 = Debug|Any CPU
		{3678EF2C-21D7-403D-9B4E-A1F38D6D47DF}.Release|Any CPU.ActiveCfg = Release|Any CPU
		{3678EF2C-21D7-403D-9B4E-A1F38D6D47DF}.Release|Any CPU.Build.0 = Release|Any CPU
	EndGlobalSection
	GlobalSection(SolutionProperties) = preSolution
		HideSolutionNode = FALSE
	EndGlobalSection
	GlobalSection(ExtensibilityGlobals) = postSolution
		SolutionGuid = {B9B792D3-E77E-40BA-95B5-8CE0004D06F7}
	EndGlobalSection
EndGlobal
